
Microsoft Visual Studio Solution File, Format Version 12.00
# Visual Studio 15
VisualStudioVersion = 15.0.27703.2035
MinimumVisualStudioVersion = 10.0.40219.1
Project("{FAE04EC0-301F-11D3-BF4B-00C04F79EFBC}") = "DotNet.Plugin", "DotNet.Plugin\DotNet.Plugin.csproj", "{8C270D58-340F-4A0F-8EB8-2E48B9D91579}"
EndProject
Project("{FAE04EC0-301F-11D3-BF4B-00C04F79EFBC}") = "DotNet.Plugin.Business", "DotNet.Plugin.Business\DotNet.Plugin.Business.csproj", "{801F4CDB-674C-4DF6-99D6-A34DC3582262}"
EndProject
Project("{FAE04EC0-301F-11D3-BF4B-00C04F79EFBC}") = "DotNet.Plugin.StringPlugins", "DotNet.Plugin.StringPlugins\DotNet.Plugin.StringPlugins.csproj", "{866462F1-B643-4345-B915-EEE9EF03087E}"
EndProject
Project("{FAE04EC0-301F-11D3-BF4B-00C04F79EFBC}") = "DotNet.Plugin.MathPlugins", "MathPlugins\DotNet.Plugin.MathPlugins.csproj", "{64A2C2C6-E974-4798-B4C0-4C2EAA2FB8A5}"
EndProject
Global
	GlobalSection(SolutionConfigurationPlatforms) = preSolution
		Debug|Any CPU = Debug|Any CPU
		Release|Any CPU = Release|Any CPU
	EndGlobalSection
	GlobalSection(ProjectConfigurationPlatforms) = postSolution
		{8C270D58-340F-4A0F-8EB8-2E48B9D91579}.Debug|Any CPU.ActiveCfg = Debug|Any CPU
		{8C270D58-340F-4A0F-8EB8-2E48B9D91579}.Debug|Any CPU.Build.0 = Debug|Any CPU
		{8C270D58-340F-4A0F-8EB8-2E48B9D91579}.Release|Any CPU.ActiveCfg = Release|Any CPU
		{8C270D58-340F-4A0F-8EB8-2E48B9D91579}.Release|Any CPU.Build.0 = Release|Any CPU
		{801F4CDB-674C-4DF6-99D6-A34DC3582262}.Debug|Any CPU.ActiveCfg = Debug|Any CPU
		{801F4CDB-674C-4DF6-99D6-A34DC3582262}.Debug|Any CPU.Build.0 = Debug|Any CPU
		{801F4CDB-674C-4DF6-99D6-A34DC3582262}.Release|Any CPU.ActiveCfg = Release|Any CPU
		{801F4CDB-674C-4DF6-99D6-A34DC3582262}.Release|Any CPU.Build.0 = Release|Any CPU
		{866462F1-B643-4345-B915-EEE9EF03087E}.Debug|Any CPU.ActiveCfg = Debug|Any CPU
		{866462F1-B643-4345-B915-EEE9EF03087E}.Debug|Any CPU.Build.0 = Debug|Any CPU
		{866462F1-B643-4345-B915-EEE9EF03087E}.Release|Any CPU.ActiveCfg = Release|Any CPU
		{866462F1-B643-4345-B915-EEE9EF03087E}.Release|Any CPU.Build.0 = Release|Any CPU
		{64A2C2C6-E974-4798-B4C0-4C2EAA2FB8A5}.Debug|Any CPU.ActiveCfg = Debug|Any CPU
		{64A2C2C6-E974-4798-B4C0-4C2EAA2FB8A5}.Debug|Any CPU.Build.0 = Debug|Any CPU
		{64A2C2C6-E974-4798-B4C0-4C2EAA2FB8A5}.Release|Any CPU.ActiveCfg = Release|Any CPU
		{64A2C2C6-E974-4798-B4C0-4C2EAA2FB8A5}.Release|Any CPU.Build.0 = Release|Any CPU
	EndGlobalSection
	GlobalSection(SolutionProperties) = preSolution
		HideSolutionNode = FALSE
	EndGlobalSection
	GlobalSection(ExtensibilityGlobals) = postSolution
		SolutionGuid = {DA785E2B-412B-4963-BCB8-D3207AC187C7}
	EndGlobalSection
EndGlobal
